# This file is automatically @generated by Cargo.
# It is not intended for manual editing.
version = 4

[[package]]
name = "adler2"
version = "2.0.1"
source = "registry+https://github.com/rust-lang/crates.io-index"
checksum = "320119579fcad9c21884f5c4861d16174d0e06250625266f50fe6898340abefa"

[[package]]
name = "ahash"
version = "0.3.8"
source = "registry+https://github.com/rust-lang/crates.io-index"
checksum = "e8fd72866655d1904d6b0997d0b07ba561047d070fbe29de039031c641b61217"
dependencies = [
 "const-random",
]

[[package]]
name = "anyhow"
version = "1.0.104"
source = "registry+https://github.com/rust-lang/crates.io-index"
checksum = "330a5ed07fa54e4702c9d6c4174f74427fc0ef6e214bbd677ae50a5099946470"

[[package]]
name = "arcropolis-api"
version = "0.1.1"
source = "git+https://github.com/Raytwo/arcropolis_api#5d100d3eb48a4591839925f74f7cf2c781f09f15"
dependencies = [
 "arcropolis-api-macro",
 "crc32fast",
 "skyline",
]

[[package]]
name = "arcropolis-api-macro"
version = "0.1.0"
source = "git+https://github.com/Raytwo/arcropolis_api#5d100d3eb48a4591839925f74f7cf2c781f09f15"
dependencies = [
 "quote",
 "syn 1.0.109",
]

[[package]]
name = "arrayvec"
version = "0.5.2"
source = "registry+https://github.com/rust-lang/crates.io-index"
checksum = "23b62fc65de8e4e7f52534fb52b0f3ed04746ae267519eef2a83941e8085068b"

[[package]]
name = "beef"
version = "0.4.4"
source = "registry+https://github.com/rust-lang/crates.io-index"
checksum = "474a626a67200bd107d44179bb3d4fc61891172d11696609264589be6a0e6a43"

[[package]]
name = "bitflags"
version = "1.3.2"
source = "registry+https://github.com/rust-lang/crates.io-index"
checksum = "bef38d45163c2f1dde094a7dfd33ccf595c92905c8f8f4fdc18d06fb1037718a"

[[package]]
name = "bitflags"
version = "2.13.2"
source = "registry+https://github.com/rust-lang/crates.io-index"
checksum = "3ded4057c258ba199e2d26386d3af3780957ecaee6c4ef4041c6b4b8b97c0b06"

[[package]]
name = "byteorder"
version = "1.5.0"
source = "registry+https://github.com/rust-lang/crates.io-index"
checksum = "1fd0f2584146f6f2ef48085050886acf353beff7305ebd1ae69500e27c67f64b"

[[package]]
name = "cc"
version = "1.5.1"
source = "registry+https://github.com/rust-lang/crates.io-index"
checksum = "f360145194ee8e21db5ee7f3fcd4fe52210864c75c985dae33218202c8bbe040"
dependencies = [
 "find-msvc-tools",
 "shlex",
]

[[package]]
name = "cfg-if"
version = "1.0.5"
source = "registry+https://github.com/rust-lang/crates.io-index"
checksum = "4e7648175b45a9a48536d676f68d918270699102aa8dab5496df06904c914600"

[[package]]
name = "const-random"
version = "0.1.18"
source = "registry+https://github.com/rust-lang/crates.io-index"
checksum = "87e00182fe74b066627d63b85fd550ac2998d4b0bd86bfed477a0ae4c7c71359"
dependencies = [
 "const-random-macro",
]

[[package]]
name = "const-random-macro"
version = "0.1.16"
source = "registry+https://github.com/rust-lang/crates.io-index"
checksum = "f9d839f2a20b0aee515dc581a6172f2321f96cab76c1a38a4c584a194955390e"
dependencies = [
 "getrandom 0.2.17",
 "once_cell",
 "tiny-keccak",
]

[[package]]
name = "core-foundation"
version = "0.9.4"
source = "registry+https://github.com/rust-lang/crates.io-index"
checksum = "91e195e091a93c46f7102ec7818a2aa394e1e1771c3ab4825963fa03e45afb8f"
dependencies = [
 "core-foundation-sys",
 "libc",
]

[[package]]
name = "core-foundation-sys"
version = "0.8.7"
source = "registry+https://github.com/rust-lang/crates.io-index"
checksum = "773648b94d0e5d620f64f280777445740e61fe701025087ec8b57f45c791888b"

[[package]]
name = "crc32fast"
version = "1.5.2"
source = "registry+https://github.com/rust-lang/crates.io-index"
checksum = "01a7799fd6b852db0e61728dde9a204c423b44d689dbd432522543614b490e78"
dependencies = [
 "cfg-if",
]

[[package]]
name = "crossbeam-utils"
version = "0.8.23"
source = "registry+https://github.com/rust-lang/crates.io-index"
checksum = "a31eee39dddec8330830986fcd7625edb5a24ec90ea038215273bbc3adb08ac6"

[[package]]
name = "crunchy"
version = "0.2.4"
source = "registry+https://github.com/rust-lang/crates.io-index"
checksum = "460fbee9c2c2f33933d720630a6a0bac33ba7053db5344fac858d4b8952d77d5"

[[package]]
name = "errno"
version = "0.3.14"
source = "registry+https://github.com/rust-lang/crates.io-index"
checksum = "39cab71617ae0d63f51a36d69f866391735b51691dbda63cf6f96d042b63efeb"
dependencies = [
 "libc",
 "windows-sys",
]

[[package]]
name = "fastrand"
version = "2.5.0"
source = "registry+https://github.com/rust-lang/crates.io-index"
checksum = "da7c62ceae207dd37ea5b845da6a0696c799f85e97da1ab5b7910be3c1c80223"

[[package]]
name = "find-msvc-tools"
version = "0.1.14"
source = "registry+https://github.com/rust-lang/crates.io-index"
checksum = "aedcfb3409746eddb02b9e19ebda1c3394f759a152e48ee875a0844d1b955484"

[[package]]
name = "flate2"
version = "1.1.10"
source = "registry+https://github.com/rust-lang/crates.io-index"
checksum = "6e634e2e0ebac1ee034020da1ca582e17ffe4e0f5e985823721e168928136dcb"
dependencies = [
 "crc32fast",
 "miniz_oxide",
]

[[package]]
name = "fnv"
version = "1.0.7"
source = "registry+https://github.com/rust-lang/crates.io-index"
checksum = "3f9eec918d3f24069decb9af1554cad7c880e2da24a9afd88aca000531ab82c1"

[[package]]
name = "foreign-types"
version = "0.3.2"
source = "registry+https://github.com/rust-lang/crates.io-index"
checksum = "f6f339eb8adc052cd2ca78910fda869aefa38d22d5cb648e6485e4d3fc06f3b1"
dependencies = [
 "foreign-types-shared",
]

[[package]]
name = "foreign-types-shared"
version = "0.1.1"
source = "registry+https://github.com/rust-lang/crates.io-index"
checksum = "00b0228411908ca8685dba7fc2cdd70ec9990a6e753e89b6ac91a84c40fbaf4b"

[[package]]
name = "fs_extra"
version = "1.3.0"
source = "registry+https://github.com/rust-lang/crates.io-index"
checksum = "42703706b716c37f96a77aea830392ad231f44c9e9a67872fa5548707e11b11c"

[[package]]
name = "getopts"
version = "0.2.24"
source = "registry+https://github.com/rust-lang/crates.io-index"
checksum = "cfe4fbac503b8d1f88e6676011885f34b7174f46e59956bba534ba83abded4df"
dependencies = [
 "unicode-width",
]

[[package]]
name = "getrandom"
version = "0.2.17"
source = "registry+https://github.com/rust-lang/crates.io-index"
checksum = "ff2abc00be7fca6ebc474524697ae276ad847ad0a6b3faa4bcb027e9a4614ad0"
dependencies = [
 "cfg-if",
 "libc",
 "wasi",
]

[[package]]
name = "getrandom"
version = "0.4.3"
source = "registry+https://github.com/rust-lang/crates.io-index"
checksum = "300e883d756b2e4ec94e02791f39b04b522276138852cfc41d9fb7e904106099"
dependencies = [
 "cfg-if",
 "libc",
 "r-efi",
]

[[package]]
name = "hdr-launcher-react"
version = "0.8.0"
dependencies = [
 "anyhow",
 "arcropolis-api",
 "fs_extra",
 "include_dir",
 "md5",
 "minreq",
 "npm_rs",
 "nx-request-handler",
 "prettify-js",
 "semver",
 "serde",
 "serde_json",
 "skyline",
 "skyline-config",
 "skyline-web",
 "smashnet",
 "walkdir",
 "zip",
]

[[package]]
name = "include_dir"
version = "0.7.4"
source = "registry+https://github.com/rust-lang/crates.io-index"
checksum = "923d117408f1e49d914f1a379a309cffe4f18c05cf4e3d12e613a15fc81bd0dd"
dependencies = [
 "include_dir_macros",
]

[[package]]
name = "include_dir_macros"
version = "0.7.4"
source = "registry+https://github.com/rust-lang/crates.io-index"
checksum = "7cab85a7ed0bd5f0e76d93846e0147172bed2e2d3f859bcc33a8d9699cad1a75"
dependencies = [
 "proc-macro2",
 "quote",
]

[[package]]
name = "itoa"
version = "1.0.18"
source = "registry+https://github.com/rust-lang/crates.io-index"
checksum = "8f42a60cbdf9a97f5d2305f08a87dc4e09308d1276d28c869c684d7777685682"

[[package]]
name = "lazy_static"
version = "1.5.1"
source = "registry+https://github.com/rust-lang/crates.io-index"
checksum = "20870f649af7073d53e38067b2a84312175d56ea15217e1b15bc83506ec50afb"

[[package]]
name = "libc"
version = "0.2.189"
source = "registry+https://github.com/rust-lang/crates.io-index"
checksum = "3eaf3ede3fee6db1a4c2ee091bf8a8b4dccdc6d17f656fb07896ee72867612f2"

[[package]]
name = "libc-nnsdk"
version = "0.5.0"
source = "registry+https://github.com/rust-lang/crates.io-index"
checksum = "1256a11d163c7288d94909f8120ede53294d8c233df314b0e4f01cf0269707da"

[[package]]
name = "linux-raw-sys"
version = "0.12.1"
source = "registry+https://github.com/rust-lang/crates.io-index"
checksum = "32a66949e030da00e8c7d4434b251670a91556f4144941d37452769c25d58a53"

[[package]]
name = "log"
version = "0.4.34"
source = "registry+https://github.com/rust-lang/crates.io-index"
checksum = "f9f8bd3e56ce4dfc153cf470fffbfa98c7620958b312ca5c3a4b8d5181fd13c6"

[[package]]
name = "logos"
version = "0.11.4"
source = "registry+https://github.com/rust-lang/crates.io-index"
checksum = "b91c49573597a5d6c094f9031617bb1fed15c0db68c81e6546d313414ce107e4"
dependencies = [
 "logos-derive",
]

[[package]]
name = "logos-derive"
version = "0.11.5"
source = "registry+https://github.com/rust-lang/crates.io-index"
checksum = "797b1f8a0571b331c1b47e7db245af3dc634838da7a92b3bef4e30376ae1c347"
dependencies = [
 "beef",
 "fnv",
 "proc-macro2",
 "quote",
 "regex-syntax",
 "syn 1.0.109",
 "utf8-ranges",
]

[[package]]
name = "md5"
version = "0.7.0"
source = "registry+https://github.com/rust-lang/crates.io-index"
checksum = "490cc448043f947bae3cbee9c203358d62dbee0db12107a74be5c30ccfd09771"

[[package]]
name = "memchr"
version = "2.8.3"
source = "registry+https://github.com/rust-lang/crates.io-index"
checksum = "cf8baf1c55e62ffcace7a9f06f4bd9cd3f0c4beb022d3b367256b91b87513d98"

[[package]]
name = "miniz_oxide"
version = "0.9.1"
source = "registry+https://github.com/rust-lang/crates.io-index"
checksum = "b63fbc4a50860e98e7b2aa7804ded1db5cbc3aff9193adaff57a6931bf7c4b4c"
dependencies = [
 "adler2",
 "simd-adler32",
]

[[package]]
name = "minreq"
version = "2.14.1"
source = "registry+https://github.com/rust-lang/crates.io-index"
checksum = "05015102dad0f7d61691ca347e9d9d9006685a64aefb3d79eecf62665de2153d"
dependencies = [
 "native-tls",
 "serde",
 "serde_json",
]

[[package]]
name = "native-tls"
version = "0.2.11"
source = "git+https://github.com/skyline-rs/rust-native-tls?branch=switch#a6a38bae588a847c293f24f172e60179e0fe1600"
dependencies = [
 "lazy_static",
 "libc",
 "libc-nnsdk",
 "log",
 "nnsdk",
 "openssl",
 "openssl-probe",
 "openssl-sys",
 "schannel",
 "security-framework",
 "security-framework-sys",
 "tempfile",
]

[[package]]
name = "nnsdk"
version = "0.6.2"
source = "git+https://github.com/ultimate-research/nnsdk-rs#d23f131663ec72a87c84914e6e738999f3ab403d"
dependencies = [
 "libc-nnsdk",
]

[[package]]
name = "npm_rs"
version = "0.2.1"
source = "registry+https://github.com/rust-lang/crates.io-index"
checksum = "f664b3447458ff1c5fee7043990271072bccbd1300f151b2ae84fb461b442824"
dependencies = [
 "cfg-if",
]

[[package]]
name = "nx-request-handler"
version = "0.1.6"
source = "git+https://github.com/WuBoytH/nx-request-handler#37741ccfb946173983713ea8b369cd163dfb8bc5"
dependencies = [
 "md5",
 "serde",
 "serde_json",
 "skyline",
 "skyline-web",
 "smashnet",
 "walkdir",
 "zip",
]

[[package]]
name = "once_cell"
version = "1.21.4"
source = "registry+https://github.com/rust-lang/crates.io-index"
checksum = "9f7c3e4beb33f85d45ae3e3a1792185706c8e16d043238c593331cc7cd313b50"

[[package]]
name = "openssl"
version = "0.10.81"
source = "registry+https://github.com/rust-lang/crates.io-index"
checksum = "77823a27f0babb03091cb9ed9ef80af3b39dbc82f97e8fa530374b7dafd87a45"
dependencies = [
 "bitflags 2.13.2",
 "cfg-if",
 "foreign-types",
 "libc",
 "openssl-macros",
 "openssl-sys",
]

[[package]]
name = "openssl-macros"
version = "0.1.1"
source = "registry+https://github.com/rust-lang/crates.io-index"
checksum = "a948666b637a0f465e8564c73e89d4dde00d72d4d473cc972f390fc3dcee7d9c"
dependencies = [
 "proc-macro2",
 "quote",
 "syn 2.0.119",
]

[[package]]
name = "openssl-probe"
version = "0.1.6"
source = "registry+https://github.com/rust-lang/crates.io-index"
checksum = "d05e27ee213611ffe7d6348b942e8f942b37114c00cc03cec254295a4a17852e"

[[package]]
name = "openssl-sys"
version = "0.9.117"
source = "registry+https://github.com/rust-lang/crates.io-index"
checksum = "b47e7e6bb2c38cd930d25a23b40fa52e068c10e85f3e03a7f5ba5aaca5713695"
dependencies = [
 "cc",
 "libc",
 "pkg-config",
 "vcpkg",
]

[[package]]
name = "pkg-config"
version = "0.3.34"
source = "registry+https://github.com/rust-lang/crates.io-index"
checksum = "f6b464fbc74e149a392436b17d523f769e057cb6877f6a5c4618bc6f11800548"

[[package]]
name = "prettify-js"
version = "0.1.0"
source = "registry+https://github.com/rust-lang/crates.io-index"
checksum = "c7ff18ec712649921186715eeee7d880c3c5fb41c86a5a3524057da346e27771"
dependencies = [
 "log",
 "ress",
 "serde",
 "serde_json",
]

[[package]]
name = "proc-macro2"
version = "1.0.107"
source = "registry+https://github.com/rust-lang/crates.io-index"
checksum = "985e7ec9bb745e6ce6535b544d84d6cd6f7ad8bd711c398938ae983b91a766d9"
dependencies = [
 "unicode-ident",
]

[[package]]
name = "pulldown-cmark"
version = "0.7.2"
source = "registry+https://github.com/rust-lang/crates.io-index"
checksum = "ca36dea94d187597e104a5c8e4b07576a8a45aa5db48a65e12940d3eb7461f55"
dependencies = [
 "bitflags 1.3.2",
 "getopts",
 "memchr",
 "unicase",
]

[[package]]
name = "quote"
version = "1.0.47"
source = "registry+https://github.com/rust-lang/crates.io-index"
checksum = "1fbf4db142a473a8d80c26bbf18454ed458bf8d26c8219c331daecfdbd079001"
dependencies = [
 "proc-macro2",
]

[[package]]
name = "r-efi"
version = "6.0.0"
source = "registry+https://github.com/rust-lang/crates.io-index"
checksum = "f8dcc9c7d52a811697d2151c701e0d08956f92b0e24136cf4cf27b57a6a0d9bf"

[[package]]
name = "ramhorns"
version = "0.9.4"
source = "registry+https://github.com/rust-lang/crates.io-index"
checksum = "0ffccbe2ff4942b9a7f79b4d8139fa63d41dbc9d11ba474d817727573f7ede0e"
dependencies = [
 "ahash",
 "arrayvec",
 "beef",
 "fnv",
 "logos",
 "pulldown-cmark",
 "ramhorns-derive",
]

[[package]]
name = "ramhorns-derive"
version = "0.9.4"
source = "registry+https://github.com/rust-lang/crates.io-index"
checksum = "924203f57d2674133836b9ff263cebd35fcb9ca396c1c1c7190a5c76a927446e"
dependencies = [
 "fnv",
 "proc-macro2",
 "quote",
 "syn 1.0.109",
]

[[package]]
name = "regex-syntax"
version = "0.6.29"
source = "registry+https://github.com/rust-lang/crates.io-index"
checksum = "f162c6dd7b008981e4d40210aca20b4bd0f9b60ca9271061b07f78537722f2e1"

[[package]]
name = "ress"
version = "0.9.1"
source = "registry+https://github.com/rust-lang/crates.io-index"
checksum = "0fb1cedc0fd02351568b53be91c4ba2f94beb31ff730bd7df1e54e9b19169b9b"
dependencies = [
 "log",
 "unicode-xid",
]

[[package]]
name = "rustix"
version = "1.1.5"
source = "registry+https://github.com/rust-lang/crates.io-index"
checksum = "891efababe418670775f199f0d233d84843c227a0949a883ce15b37c78d6629d"
dependencies = [
 "bitflags 2.13.2",
 "errno",
 "libc",
 "linux-raw-sys",
 "windows-sys",
]

[[package]]
name = "same-file"
version = "1.0.6"
source = "registry+https://github.com/rust-lang/crates.io-index"
checksum = "93fc1dc3aaa9bfed95e02e6eadabb4baf7e3078b0bd1b4d7b6b0b68378900502"
dependencies = [
 "winapi-util",
]

[[package]]
name = "schannel"
version = "0.1.29"
source = "registry+https://github.com/rust-lang/crates.io-index"
checksum = "91c1b7e4904c873ef0710c1f407dde2e6287de2bebc1bbbf7d430bb7cbffd939"
dependencies = [
 "windows-sys",
]

[[package]]
name = "security-framework"
version = "2.11.1"
source = "registry+https://github.com/rust-lang/crates.io-index"
checksum = "897b2245f0b511c87893af39b033e5ca9cce68824c4d7e7630b5a1d339658d02"
dependencies = [
 "bitflags 2.13.2",
 "core-foundation",
 "core-foundation-sys",
 "libc",
 "security-framework-sys",
]

[[package]]
name = "security-framework-sys"
version = "2.17.0"
source = "registry+https://github.com/rust-lang/crates.io-index"
checksum = "6ce2691df843ecc5d231c0b14ece2acc3efb62c0a398c7e1d875f3983ce020e3"
dependencies = [
 "core-foundation-sys",
 "libc",
]

[[package]]
name = "semver"
version = "1.0.28"
source = "registry+https://github.com/rust-lang/crates.io-index"
checksum = "8a7852d02fc848982e0c167ef163aaff9cd91dc640ba85e263cb1ce46fae51cd"

[[package]]
name = "serde"
version = "1.0.229"
source = "registry+https://github.com/rust-lang/crates.io-index"
checksum = "4148590afebada386688f18773da617792bf2ef03ffc1e4cbd2b1d45b023e0ba"
dependencies = [
 "serde_core",
 "serde_derive",
]

[[package]]
name = "serde_core"
version = "1.0.229"
source = "registry+https://github.com/rust-lang/crates.io-index"
checksum = "67dca2c9c51e58a4791a4b1ed58308b39c64224d349a935ab5039aa360942a48"
dependencies = [
 "serde_derive",
]

[[package]]
name = "serde_derive"
version = "1.0.229"
source = "registry+https://github.com/rust-lang/crates.io-index"
checksum = "e7a5d71263a5a7d47b41f6b3f06ba276f10cc18b0931f1799f710578e2309348"
dependencies = [
 "proc-macro2",
 "quote",
 "syn 3.0.6",
]

[[package]]
name = "serde_json"
version = "1.0.151"
source = "registry+https://github.com/rust-lang/crates.io-index"
checksum = "c841b55ecdae098c80dcae9cf767f6f8a0c2cdb3416bbef72181df4d0fe73f14"
dependencies = [
 "itoa",
 "memchr",
 "serde",
 "serde_core",
 "zmij",
]

[[package]]
name = "shlex"
version = "2.0.1"
source = "registry+https://github.com/rust-lang/crates.io-index"
checksum = "f8fadd59c855ef2080decdef8ff161eb6661b86933c9d82e5ba29dc602a55aba"

[[package]]
name = "simd-adler32"
version = "0.3.10"
source = "registry+https://github.com/rust-lang/crates.io-index"
checksum = "3a219298ac11a56ea9a6d2120044824d6f01aeb034955e7af7bc16858527deea"

[[package]]
name = "skyline"
version = "0.6.0"
source = "git+https://github.com/ultimate-research/skyline-rs.git#6b52d321275639f26c2371d8142550ba0013a5e4"
dependencies = [
 "libc-nnsdk",
 "nnsdk",
 "skyline_macro",
]

[[package]]
name = "skyline-config"
version = "0.3.0"
source = "git+https://github.com/skyline-rs/skyline-config#80e3ade843eb5453680cb9144e8a367aec861397"
dependencies = [
 "serde",
 "serde_json",
 "skyline",
 "thiserror",
]

[[package]]
name = "skyline-web"
version = "0.1.0"
source = "git+https://github.com/techyCoder81/skyline-web#b0fcc17805958481684d4b2e79b06491b077b79b"
dependencies = [
 "nnsdk",
 "ramhorns",
 "serde",
 "serde_json",
 "skyline",
]

[[package]]
name = "skyline_macro"
version = "0.2.1"
source = "git+https://github.com/ultimate-research/skyline-rs.git#6b52d321275639f26c2371d8142550ba0013a5e4"
dependencies = [
 "lazy_static",
 "proc-macro2",
 "quote",
 "syn 1.0.109",
]

[[package]]
name = "smashnet"
version = "0.2.2"
source = "git+https://github.com/techyCoder81/smashnet#dc6a7103ebf319079ec6a1aa7444ea325a7a97c4"
dependencies = [
 "skyline",
]

[[package]]
name = "syn"
version = "1.0.109"
source = "registry+https://github.com/rust-lang/crates.io-index"
checksum = "72b64191b275b66ffe2469e8af2c1cfe3bafa67b529ead792a6d0160888b4237"
dependencies = [
 "proc-macro2",
 "quote",
 "unicode-ident",
]

[[package]]
name = "syn"
version = "2.0.119"
source = "registry+https://github.com/rust-lang/crates.io-index"
checksum = "872831b642d1a07999a962a351ed35b955ea2cfc8f3862091e2a240a84f17297"
dependencies = [
 "proc-macro2",
 "quote",
 "unicode-ident",
]

[[package]]
name = "syn"
version = "3.0.6"
source = "registry+https://github.com/rust-lang/crates.io-index"
checksum = "8593e8e72159ed2257d083c7a454a85cbf854f37a0966d8d483aff8c8a3ebcee"
dependencies = [
 "proc-macro2",
 "quote",
 "unicode-ident",
]

[[package]]
name = "tempfile"
version = "3.27.0"
source = "registry+https://github.com/rust-lang/crates.io-index"
checksum = "32497e9a4c7b38532efcdebeef879707aa9f794296a4f0244f6f69e9bc8574bd"
dependencies = [
 "fastrand",
 "getrandom 0.4.3",
 "once_cell",
 "rustix",
 "windows-sys",
]

[[package]]
name = "thiserror"
version = "1.0.69"
source = "registry+https://github.com/rust-lang/crates.io-index"
checksum = "b6aaf5339b578ea85b50e080feb250a3e8ae8cfcdff9a461c9ec2904bc923f52"
dependencies = [
 "thiserror-impl",
]

[[package]]
name = "thiserror-impl"
version = "1.0.69"
source = "registry+https://github.com/rust-lang/crates.io-index"
checksum = "4fee6c4efc90059e10f81e6d42c60a18f76588c3d74cb83a0b242a2b6c7504c1"
dependencies = [
 "proc-macro2",
 "quote",
 "syn 2.0.119",
]

[[package]]
name = "tiny-keccak"
version = "2.0.2"
source = "registry+https://github.com/rust-lang/crates.io-index"
checksum = "2c9d3793400a45f954c52e73d068316d76b6f4e36977e3fcebb13a2721e80237"
dependencies = [
 "crunchy",
]

[[package]]
name = "unicase"
version = "2.9.0"
source = "registry+https://github.com/rust-lang/crates.io-index"
checksum = "dbc4bc3a9f746d862c45cb89d705aa10f187bb96c76001afab07a0d35ce60142"

[[package]]
name = "unicode-ident"
version = "1.0.26"
source = "registry+https://github.com/rust-lang/crates.io-index"
checksum = "d245f478577f809a851594d02313b640fb437e0bb33866753cff937863096954"

[[package]]
name = "unicode-width"
version = "0.2.2"
source = "registry+https://github.com/rust-lang/crates.io-index"
checksum = "b4ac048d71ede7ee76d585517add45da530660ef4390e49b098733c6e897f254"

[[package]]
name = "unicode-xid"
version = "0.2.6"
source = "registry+https://github.com/rust-lang/crates.io-index"
checksum = "ebc1c04c71510c7f702b52b7c350734c9ff1295c464a03335b00bb84fc54f853"

[[package]]
name = "utf8-ranges"
version = "1.0.5"
source = "registry+https://github.com/rust-lang/crates.io-index"
checksum = "7fcfc827f90e53a02eaef5e535ee14266c1d569214c6aa70133a624d8a3164ba"

[[package]]
name = "vcpkg"
version = "0.2.15"
source = "registry+https://github.com/rust-lang/crates.io-index"
checksum = "accd4ea62f7bb7a82fe23066fb0957d48ef677f6eeb8215f372f52e48bb32426"

[[package]]
name = "walkdir"
version = "2.5.0"
source = "registry+https://github.com/rust-lang/crates.io-index"
checksum = "29790946404f91d9c5d06f9874efddea1dc06c5efe94541a7d6863108e3a5e4b"
dependencies = [
 "same-file",
 "winapi-util",
]

[[package]]
name = "wasi"
version = "0.11.1+wasi-snapshot-preview1"
source = "registry+https://github.com/rust-lang/crates.io-index"
checksum = "ccf3ec651a847eb01de73ccad15eb7d99f80485de043efb2f370cd654f4ea44b"

[[package]]
name = "winapi-util"
version = "0.1.11"
source = "registry+https://github.com/rust-lang/crates.io-index"
checksum = "c2a7b1c03c876122aa43f3020e6c3c3ee5c05081c9a00739faf7503aeba10d22"
dependencies = [
 "windows-sys",
]

[[package]]
name = "windows-link"
version = "0.2.1"
source = "registry+https://github.com/rust-lang/crates.io-index"
checksum = "f0805222e57f7521d6a62e36fa9163bc891acd422f971defe97d64e70d0a4fe5"

[[package]]
name = "windows-sys"
version = "0.61.2"
source = "registry+https://github.com/rust-lang/crates.io-index"
checksum = "ae137229bcbd6cdf0f7b80a31df61766145077ddf49416a728b02cb3921ff3fc"
dependencies = [
 "windows-link",
]

[[package]]
name = "zip"
version = "0.6.6"
source = "registry+https://github.com/rust-lang/crates.io-index"
checksum = "760394e246e4c28189f19d488c058bf16f564016aefac5d32bb1f3b51d5e9261"
dependencies = [
 "byteorder",
 "crc32fast",
 "crossbeam-utils",
 "flate2",
]

[[package]]
name = "zmij"
version = "1.0.23"
source = "registry+https://github.com/rust-lang/crates.io-index"
checksum = "29666d0abbfad1e3dc4dcf6144730dd3a3ab225bbbdac83319345b1b44ccfc1b"
